// !$*UTF8*$!
{
	archiveVersion = 1;
	classes = {
	};
	objectVersion = 46;
	objects = {

/* Begin PBXAggregateTarget section */
		3F11E51EA3814F6CA0557760 /* ZERO_CHECK */ = {
			isa = PBXAggregateTarget;
			buildConfigurationList = 4F78B9D3CECC45C1A8F292D6 /* Build configuration list for PBXAggregateTarget "ZERO_CHECK" */;
			buildPhases = (
				145AC31232174ADFB2651F6C /* CMake Rules */,
			);
			dependencies = (
			);
			name = ZERO_CHECK;
			productName = ZERO_CHECK;
		};
		447FEBD187D944B49449F453 /* ALL_BUILD */ = {
			isa = PBXAggregateTarget;
			buildConfigurationList = BC6069942996484BA3908FFF /* Build configuration list for PBXAggregateTarget "ALL_BUILD" */;
			buildPhases = (
				E5A37E5F22FC44E5B58FA4D5 /* CMake Rules */,
			);
			dependencies = (
				A585AD0A58E2441F964E55D4 /* PBXTargetDependency */,
				B7BB19A5EE514B998DE53740 /* PBXTargetDependency */,
				98059CCCCECC4082AE96CF42 /* PBXTargetDependency */,
			);
			name = ALL_BUILD;
			productName = ALL_BUILD;
		};
/* End PBXAggregateTarget section */

/* Begin PBXBuildFile section */
		360CB93F43D8484EB48A44CC /* udpchat.c in Sources */ = {isa = PBXBuildFile; fileRef = 7762F5E76F9B4BD09ACDA9F9 /* udpchat.c */; };
		B6E128663377464386120588 /* udpchat.c in Sources */ = {isa = PBXBuildFile; fileRef = 8E92140048B84B3C9E95E379 /* udpchat.c */; };
/* End PBXBuildFile section */

/* Begin PBXContainerItemProxy section */
		124F615DAA794E8EB4D6BD48 /* PBXContainerItemProxy */ = {
			isa = PBXContainerItemProxy;
			containerPortal = E1B2BFFA2CC04C21AF677C8E /* Project object */;
			proxyType = 1;
			remoteGlobalIDString = 3F11E51EA3814F6CA0557760;
			remoteInfo = ZERO_CHECK;
		};
		698846EBA4F54E9BBD3AB51C /* PBXContainerItemProxy */ = {
			isa = PBXContainerItemProxy;
			containerPortal = E1B2BFFA2CC04C21AF677C8E /* Project object */;
			proxyType = 1;
			remoteGlobalIDString = 8ECE4A48B78D42E1A444E4DB;
			remoteInfo = UDPChat;
		};
		BA05A34371A04B25903D9B4F /* PBXContainerItemProxy */ = {
			isa = PBXContainerItemProxy;
			containerPortal = E1B2BFFA2CC04C21AF677C8E /* Project object */;
			proxyType = 1;
			remoteGlobalIDString = 4E08B869F15C400DB85E2A6C;
			remoteInfo = "UDPChat-static";
		};
		CFB77E2EB8E24FF2AE2E845E /* PBXContainerItemProxy */ = {
			isa = PBXContainerItemProxy;
			containerPortal = E1B2BFFA2CC04C21AF677C8E /* Project object */;
			proxyType = 1;
			remoteGlobalIDString = 3F11E51EA3814F6CA0557760;
			remoteInfo = ZERO_CHECK;
		};
		DC568D1E686A4956A20AF749 /* PBXContainerItemProxy */ = {
			isa = PBXContainerItemProxy;
			containerPortal = E1B2BFFA2CC04C21AF677C8E /* Project object */;
			proxyType = 1;
			remoteGlobalIDString = 3F11E51EA3814F6CA0557760;
			remoteInfo = ZERO_CHECK;
		};
/* End PBXContainerItemProxy section */

/* Begin PBXFileReference section */
		0FBEB9CEC82C4AB0978238EA /* libUDPChat.dylib */ = {isa = PBXFileReference; explicitFileType = "compiled.mach-o.dylib"; path = libUDPChat.dylib; sourceTree = BUILT_PRODUCTS_DIR; };
		0FD03764D27E443C99FCD744 /* CMakeLists.txt */ = {isa = PBXFileReference; explicitFileType = sourcecode.text; fileEncoding = 4; lastKnownFileType = text; name = CMakeLists.txt; path = lib/CMakeLists.txt; sourceTree = SOURCE_ROOT; };
		1B735A708AB74B0AA7E3023E /* CMakeLists.txt */ = {isa = PBXFileReference; explicitFileType = sourcecode.text; fileEncoding = 4; lastKnownFileType = text; name = CMakeLists.txt; path = lib/CMakeLists.txt; sourceTree = SOURCE_ROOT; };
		7762F5E76F9B4BD09ACDA9F9 /* udpchat.c */ = {isa = PBXFileReference; explicitFileType = sourcecode.c.c; fileEncoding = 4; name = udpchat.c; path = lib/udpchat.c; sourceTree = SOURCE_ROOT; };
		8E92140048B84B3C9E95E379 /* udpchat.c */ = {isa = PBXFileReference; explicitFileType = sourcecode.c.c; fileEncoding = 4; name = udpchat.c; path = lib/udpchat.c; sourceTree = SOURCE_ROOT; };
		AEDBBCEABA2F47B2893A25E8 /* CMakeLists.txt */ = {isa = PBXFileReference; explicitFileType = sourcecode.text; fileEncoding = 4; lastKnownFileType = text; path = CMakeLists.txt; sourceTree = SOURCE_ROOT; };
		E8FFE053237841119F399ACD /* CMakeLists.txt */ = {isa = PBXFileReference; explicitFileType = sourcecode.text; fileEncoding = 4; lastKnownFileType = text; path = CMakeLists.txt; sourceTree = SOURCE_ROOT; };
		F955B808202E43CB8A0FFC6A /* libUDPChat.a */ = {isa = PBXFileReference; explicitFileType = archive.ar; path = libUDPChat.a; sourceTree = BUILT_PRODUCTS_DIR; };
/* End PBXFileReference section */

/* Begin PBXGroup section */
		0276B8A3DE6646FB92878FC7 /* CMake Rules */ = {
			isa = PBXGroup;
			children = (
			);
			name = "CMake Rules";
			sourceTree = "<group>";
		};
		0FF17F264BED4ED8B72B95B5 /* CMake Rules */ = {
			isa = PBXGroup;
			children = (
			);
			name = "CMake Rules";
			sourceTree = "<group>";
		};
		2A6113491AC940CFBBE94FEE /* Source Files */ = {
			isa = PBXGroup;
			children = (
				7762F5E76F9B4BD09ACDA9F9 /* udpchat.c */,
			);
			name = "Source Files";
			sourceTree = "<group>";
		};
		33EFC59D5CFE43A0946D6BF3 /* Source Files */ = {
			isa = PBXGroup;
			children = (
				8E92140048B84B3C9E95E379 /* udpchat.c */,
			);
			name = "Source Files";
			sourceTree = "<group>";
		};
		3E5B0F04F11743AD83FF4C16 /* UDPChat */ = {
			isa = PBXGroup;
			children = (
				2A6113491AC940CFBBE94FEE /* Source Files */,
				1B735A708AB74B0AA7E3023E /* CMakeLists.txt */,
			);
			name = UDPChat;
			sourceTree = "<group>";
		};
		46A0327BB7CB40D9B91B7F43 /* Products */ = {
			isa = PBXGroup;
			children = (
				0FBEB9CEC82C4AB0978238EA /* libUDPChat.dylib */,
				F955B808202E43CB8A0FFC6A /* libUDPChat.a */,
			);
			name = Products;
			sourceTree = "<group>";
		};
		87653292BF5C41E59352124F = {
			isa = PBXGroup;
			children = (
				9770B48D425442AB869EA10D /* ALL_BUILD */,
				8A34718E5F3A4BC2AD1209B5 /* ZERO_CHECK */,
				E980C20BDA334E31BBAB6A02 /* UDPChat-static */,
				3E5B0F04F11743AD83FF4C16 /* UDPChat */,
				46A0327BB7CB40D9B91B7F43 /* Products */,
			);
			sourceTree = "<group>";
		};
		8A34718E5F3A4BC2AD1209B5 /* ZERO_CHECK */ = {
			isa = PBXGroup;
			children = (
				0FF17F264BED4ED8B72B95B5 /* CMake Rules */,
				E8FFE053237841119F399ACD /* CMakeLists.txt */,
			);
			name = ZERO_CHECK;
			sourceTree = "<group>";
		};
		9770B48D425442AB869EA10D /* ALL_BUILD */ = {
			isa = PBXGroup;
			children = (
				0276B8A3DE6646FB92878FC7 /* CMake Rules */,
				AEDBBCEABA2F47B2893A25E8 /* CMakeLists.txt */,
			);
			name = ALL_BUILD;
			sourceTree = "<group>";
		};
		E980C20BDA334E31BBAB6A02 /* UDPChat-static */ = {
			isa = PBXGroup;
			children = (
				33EFC59D5CFE43A0946D6BF3 /* Source Files */,
				0FD03764D27E443C99FCD744 /* CMakeLists.txt */,
			);
			name = "UDPChat-static";
			sourceTree = "<group>";
		};
/* End PBXGroup section */

/* Begin PBXNativeTarget section */
		4E08B869F15C400DB85E2A6C /* UDPChat-static */ = {
			isa = PBXNativeTarget;
			buildConfigurationList = 812BA6CC27AB4F0A960C61AB /* Build configuration list for PBXNativeTarget "UDPChat-static" */;
			buildPhases = (
				471EB58AC90845C3B14FD80A /* Sources */,
			);
			buildRules = (
			);
			dependencies = (
				0CDE05E8F24E499D9E468A8F /* PBXTargetDependency */,
			);
			name = "UDPChat-static";
			productName = "UDPChat-static";
			productReference = F955B808202E43CB8A0FFC6A /* libUDPChat.a */;
			productType = "com.apple.product-type.library.static";
		};
		8ECE4A48B78D42E1A444E4DB /* UDPChat */ = {
			isa = PBXNativeTarget;
			buildConfigurationList = B568B6389621485E8F15CA9A /* Build configuration list for PBXNativeTarget "UDPChat" */;
			buildPhases = (
				F85AD2848F3A489BBBBC2B53 /* Sources */,
				078F5E30F27E423C96CAC832 /* CMake PostBuild Rules */,
			);
			buildRules = (
			);
			dependencies = (
				A7FA439DED814F13824FE28D /* PBXTargetDependency */,
			);
			name = UDPChat;
			productName = UDPChat;
			productReference = 0FBEB9CEC82C4AB0978238EA /* libUDPChat.dylib */;
			productType = "com.apple.product-type.library.dynamic";
		};
/* End PBXNativeTarget section */

/* Begin PBXProject section */
		E1B2BFFA2CC04C21AF677C8E /* Project object */ = {
			isa = PBXProject;
			attributes = {
				BuildIndependentTargetsInParallel = YES;
				LastUpgradeCheck = 0910;
			};
			buildConfigurationList = 285FC5F2CD8D4A71A0D75FB3 /* Build configuration list for PBXProject "UDPChat" */;
			compatibilityVersion = "Xcode 3.2";
			developmentRegion = en;
			hasScannedForEncodings = 0;
			knownRegions = (
				en,
			);
			mainGroup = 87653292BF5C41E59352124F;
			projectDirPath = ../;
			projectRoot = "";
			targets = (
				447FEBD187D944B49449F453 /* ALL_BUILD */,
				3F11E51EA3814F6CA0557760 /* ZERO_CHECK */,
				8ECE4A48B78D42E1A444E4DB /* UDPChat */,
				4E08B869F15C400DB85E2A6C /* UDPChat-static */,
			);
		};
/* End PBXProject section */

/* Begin PBXShellScriptBuildPhase section */
		078F5E30F27E423C96CAC832 /* CMake PostBuild Rules */ = {
			isa = PBXShellScriptBuildPhase;
			buildActionMask = 2147483647;
			files = (
			);
			name = "CMake PostBuild Rules";
			runOnlyForDeploymentPostprocessing = 0;
			shellPath = /bin/sh;
			shellScript = "make -C /Users/mahuijie/Desktop/ChatLib/ios_arm64_build/lib -f /Users/mahuijie/Desktop/ChatLib/ios_arm64_build/lib/CMakeScripts/UDPChat_postBuildPhase.make$CONFIGURATION all";
			showEnvVarsInLog = 0;
		};
		145AC31232174ADFB2651F6C /* CMake Rules */ = {
			isa = PBXShellScriptBuildPhase;
			buildActionMask = 2147483647;
			files = (
			);
			name = "CMake Rules";
			runOnlyForDeploymentPostprocessing = 0;
			shellPath = /bin/sh;
			shellScript = "make -C /Users/mahuijie/Desktop/ChatLib/ios_arm64_build -f /Users/mahuijie/Desktop/ChatLib/ios_arm64_build/CMakeScripts/ZERO_CHECK_cmakeRulesBuildPhase.make$CONFIGURATION all";
			showEnvVarsInLog = 0;
		};
		E5A37E5F22FC44E5B58FA4D5 /* CMake Rules */ = {
			isa = PBXShellScriptBuildPhase;
			buildActionMask = 2147483647;
			files = (
			);
			name = "CMake Rules";
			runOnlyForDeploymentPostprocessing = 0;
			shellPath = /bin/sh;
			shellScript = "make -C /Users/mahuijie/Desktop/ChatLib/ios_arm64_build -f /Users/mahuijie/Desktop/ChatLib/ios_arm64_build/CMakeScripts/ALL_BUILD_cmakeRulesBuildPhase.make$CONFIGURATION all";
			showEnvVarsInLog = 0;
		};
/* End PBXShellScriptBuildPhase section */

/* Begin PBXSourcesBuildPhase section */
		471EB58AC90845C3B14FD80A /* Sources */ = {
			isa = PBXSourcesBuildPhase;
			buildActionMask = 2147483647;
			files = (
				B6E128663377464386120588 /* udpchat.c in Sources */,
			);
			runOnlyForDeploymentPostprocessing = 0;
		};
		F85AD2848F3A489BBBBC2B53 /* Sources */ = {
			isa = PBXSourcesBuildPhase;
			buildActionMask = 2147483647;
			files = (
				360CB93F43D8484EB48A44CC /* udpchat.c in Sources */,
			);
			runOnlyForDeploymentPostprocessing = 0;
		};
/* End PBXSourcesBuildPhase section */

/* Begin PBXTargetDependency section */
		0CDE05E8F24E499D9E468A8F /* PBXTargetDependency */ = {
			isa = PBXTargetDependency;
			target = 3F11E51EA3814F6CA0557760 /* ZERO_CHECK */;
			targetProxy = DC568D1E686A4956A20AF749 /* PBXContainerItemProxy */;
		};
		98059CCCCECC4082AE96CF42 /* PBXTargetDependency */ = {
			isa = PBXTargetDependency;
			target = 3F11E51EA3814F6CA0557760 /* ZERO_CHECK */;
			targetProxy = 124F615DAA794E8EB4D6BD48 /* PBXContainerItemProxy */;
		};
		A585AD0A58E2441F964E55D4 /* PBXTargetDependency */ = {
			isa = PBXTargetDependency;
			target = 4E08B869F15C400DB85E2A6C /* UDPChat-static */;
			targetProxy = BA05A34371A04B25903D9B4F /* PBXContainerItemProxy */;
		};
		A7FA439DED814F13824FE28D /* PBXTargetDependency */ = {
			isa = PBXTargetDependency;
			target = 3F11E51EA3814F6CA0557760 /* ZERO_CHECK */;
			targetProxy = CFB77E2EB8E24FF2AE2E845E /* PBXContainerItemProxy */;
		};
		B7BB19A5EE514B998DE53740 /* PBXTargetDependency */ = {
			isa = PBXTargetDependency;
			target = 8ECE4A48B78D42E1A444E4DB /* UDPChat */;
			targetProxy = 698846EBA4F54E9BBD3AB51C /* PBXContainerItemProxy */;
		};
/* End PBXTargetDependency section */

/* Begin XCBuildConfiguration section */
		0826AD1093F54E38AF15D7C0 /* MinSizeRel */ = {
			isa = XCBuildConfiguration;
			buildSettings = {
				COMBINE_HIDPI_IMAGES = YES;
				GCC_GENERATE_DEBUGGING_SYMBOLS = YES;
				GCC_INLINES_ARE_PRIVATE_EXTERN = NO;
				GCC_OPTIMIZATION_LEVEL = 0;
				GCC_PREPROCESSOR_DEFINITIONS = "'CMAKE_INTDIR=\"$(CONFIGURATION)$(EFFECTIVE_PLATFORM_NAME)\"'";
				GCC_SYMBOLS_PRIVATE_EXTERN = NO;
				INSTALL_PATH = "";
				OTHER_LDFLAGS = " ";
				OTHER_REZFLAGS = "";
				PRODUCT_NAME = ALL_BUILD;
				SECTORDER_FLAGS = "";
				SYMROOT = /Users/mahuijie/Desktop/ChatLib/ios_arm64_build;
				USE_HEADERMAP = NO;
				WARNING_CFLAGS = (
					"-Wmost",
					"-Wno-four-char-constants",
					"-Wno-unknown-pragmas",
					"$(inherited)",
				);
			};
			name = MinSizeRel;
		};
		0926EFF0D14342D0B17C4C29 /* Release */ = {
			isa = XCBuildConfiguration;
			buildSettings = {
				COMBINE_HIDPI_IMAGES = YES;
				GCC_GENERATE_DEBUGGING_SYMBOLS = YES;
				GCC_INLINES_ARE_PRIVATE_EXTERN = NO;
				GCC_OPTIMIZATION_LEVEL = 0;
				GCC_PREPROCESSOR_DEFINITIONS = "'CMAKE_INTDIR=\"$(CONFIGURATION)$(EFFECTIVE_PLATFORM_NAME)\"'";
				GCC_SYMBOLS_PRIVATE_EXTERN = NO;
				INSTALL_PATH = "";
				OTHER_LDFLAGS = " ";
				OTHER_REZFLAGS = "";
				PRODUCT_NAME = ZERO_CHECK;
				SECTORDER_FLAGS = "";
				SYMROOT = /Users/mahuijie/Desktop/ChatLib/ios_arm64_build;
				USE_HEADERMAP = NO;
				WARNING_CFLAGS = (
					"-Wmost",
					"-Wno-four-char-constants",
					"-Wno-unknown-pragmas",
					"$(inherited)",
				);
			};
			name = Release;
		};
		2D85528A54B84E1896CFAA50 /* Release */ = {
			isa = XCBuildConfiguration;
			buildSettings = {
				IPHONEOS_DEPLOYMENT_TARGET = 11.1;
				ONLY_ACTIVE_ARCH = YES;
				SDKROOT = iphoneos11.1;
				SYMROOT = /Users/mahuijie/Desktop/ChatLib/ios_arm64_build/build;
				VALID_ARCHS = "x86_64 arm64";
			};
			name = Release;
		};
		500569DE4CA44A80A22B8267 /* MinSizeRel */ = {
			isa = XCBuildConfiguration;
			buildSettings = {
				IPHONEOS_DEPLOYMENT_TARGET = 11.1;
				ONLY_ACTIVE_ARCH = YES;
				SDKROOT = iphoneos11.1;
				SYMROOT = /Users/mahuijie/Desktop/ChatLib/ios_arm64_build/build;
				VALID_ARCHS = "x86_64 arm64";
			};
			name = MinSizeRel;
		};
		5334C13D426847608C353D73 /* RelWithDebInfo */ = {
			isa = XCBuildConfiguration;
			buildSettings = {
				IPHONEOS_DEPLOYMENT_TARGET = 11.1;
				ONLY_ACTIVE_ARCH = YES;
				SDKROOT = iphoneos11.1;
				SYMROOT = /Users/mahuijie/Desktop/ChatLib/ios_arm64_build/build;
				VALID_ARCHS = "x86_64 arm64";
			};
			name = RelWithDebInfo;
		};
		5543B4DD81F64DC5AD925604 /* RelWithDebInfo */ = {
			isa = XCBuildConfiguration;
			buildSettings = {
				COMBINE_HIDPI_IMAGES = YES;
				GCC_GENERATE_DEBUGGING_SYMBOLS = YES;
				GCC_INLINES_ARE_PRIVATE_EXTERN = NO;
				GCC_OPTIMIZATION_LEVEL = 0;
				GCC_PREPROCESSOR_DEFINITIONS = "'CMAKE_INTDIR=\"$(CONFIGURATION)$(EFFECTIVE_PLATFORM_NAME)\"'";
				GCC_SYMBOLS_PRIVATE_EXTERN = NO;
				INSTALL_PATH = "";
				OTHER_LDFLAGS = " ";
				OTHER_REZFLAGS = "";
				PRODUCT_NAME = ALL_BUILD;
				SECTORDER_FLAGS = "";
				SYMROOT = /Users/mahuijie/Desktop/ChatLib/ios_arm64_build;
				USE_HEADERMAP = NO;
				WARNING_CFLAGS = (
					"-Wmost",
					"-Wno-four-char-constants",
					"-Wno-unknown-pragmas",
					"$(inherited)",
				);
			};
			name = RelWithDebInfo;
		};
		5A86616E982344C49AAB65A4 /* RelWithDebInfo */ = {
			isa = XCBuildConfiguration;
			buildSettings = {
				COMBINE_HIDPI_IMAGES = YES;
				GCC_GENERATE_DEBUGGING_SYMBOLS = YES;
				GCC_INLINES_ARE_PRIVATE_EXTERN = NO;
				GCC_OPTIMIZATION_LEVEL = 0;
				GCC_PREPROCESSOR_DEFINITIONS = "'CMAKE_INTDIR=\"$(CONFIGURATION)$(EFFECTIVE_PLATFORM_NAME)\"'";
				GCC_SYMBOLS_PRIVATE_EXTERN = NO;
				INSTALL_PATH = "";
				OTHER_LDFLAGS = " ";
				OTHER_REZFLAGS = "";
				PRODUCT_NAME = ZERO_CHECK;
				SECTORDER_FLAGS = "";
				SYMROOT = /Users/mahuijie/Desktop/ChatLib/ios_arm64_build;
				USE_HEADERMAP = NO;
				WARNING_CFLAGS = (
					"-Wmost",
					"-Wno-four-char-constants",
					"-Wno-unknown-pragmas",
					"$(inherited)",
				);
			};
			name = RelWithDebInfo;
		};
		7FCF117837014F8588431777 /* Release */ = {
			isa = XCBuildConfiguration;
			buildSettings = {
				COMBINE_HIDPI_IMAGES = YES;
				GCC_GENERATE_DEBUGGING_SYMBOLS = YES;
				GCC_INLINES_ARE_PRIVATE_EXTERN = NO;
				GCC_OPTIMIZATION_LEVEL = 0;
				GCC_PREPROCESSOR_DEFINITIONS = "'CMAKE_INTDIR=\"$(CONFIGURATION)$(EFFECTIVE_PLATFORM_NAME)\"'";
				GCC_SYMBOLS_PRIVATE_EXTERN = NO;
				INSTALL_PATH = "";
				OTHER_LDFLAGS = " ";
				OTHER_REZFLAGS = "";
				PRODUCT_NAME = ALL_BUILD;
				SECTORDER_FLAGS = "";
				SYMROOT = /Users/mahuijie/Desktop/ChatLib/ios_arm64_build;
				USE_HEADERMAP = NO;
				WARNING_CFLAGS = (
					"-Wmost",
					"-Wno-four-char-constants",
					"-Wno-unknown-pragmas",
					"$(inherited)",
				);
			};
			name = Release;
		};
		8A58DEC3831E4B79B2387C10 /* Release */ = {
			isa = XCBuildConfiguration;
			buildSettings = {
				COMBINE_HIDPI_IMAGES = YES;
				EXECUTABLE_PREFIX = lib;
				EXECUTABLE_SUFFIX = .a;
				GCC_GENERATE_DEBUGGING_SYMBOLS = NO;
				GCC_INLINES_ARE_PRIVATE_EXTERN = NO;
				GCC_OPTIMIZATION_LEVEL = 3;
				GCC_PREPROCESSOR_DEFINITIONS = "'CMAKE_INTDIR=\"$(CONFIGURATION)$(EFFECTIVE_PLATFORM_NAME)\"'";
				GCC_SYMBOLS_PRIVATE_EXTERN = NO;
				HEADER_SEARCH_PATHS = (
					/Applications/Android,
					/Users/mahuijie/Desktop/ChatLib/lib/Studio.app/Contents/jre/jdk/Contents/Home/include,
					/Users/mahuijie/Desktop/ChatLib/lib/Studio.app/Contents/jre/jdk/Contents/Home/include/darwin,
				);
				INSTALL_PATH = "";
				LIBRARY_STYLE = STATIC;
				OTHER_CFLAGS = "    -DNDEBUG  ";
				OTHER_LIBTOOLFLAGS = " ";
				OTHER_REZFLAGS = "";
				PRODUCT_NAME = UDPChat;
				SECTORDER_FLAGS = "";
				SYMROOT = /Users/mahuijie/Desktop/ChatLib/ios_arm64_build/lib;
				USE_HEADERMAP = NO;
				WARNING_CFLAGS = (
					"-Wmost",
					"-Wno-four-char-constants",
					"-Wno-unknown-pragmas",
					"$(inherited)",
				);
			};
			name = Release;
		};
		9096001E46C84D3FA01C312D /* Debug */ = {
			isa = XCBuildConfiguration;
			buildSettings = {
				COMBINE_HIDPI_IMAGES = YES;
				EXECUTABLE_PREFIX = lib;
				EXECUTABLE_SUFFIX = .a;
				GCC_GENERATE_DEBUGGING_SYMBOLS = YES;
				GCC_INLINES_ARE_PRIVATE_EXTERN = NO;
				GCC_OPTIMIZATION_LEVEL = 0;
				GCC_PREPROCESSOR_DEFINITIONS = "'CMAKE_INTDIR=\"$(CONFIGURATION)$(EFFECTIVE_PLATFORM_NAME)\"'";
				GCC_SYMBOLS_PRIVATE_EXTERN = NO;
				HEADER_SEARCH_PATHS = (
					/Applications/Android,
					/Users/mahuijie/Desktop/ChatLib/lib/Studio.app/Contents/jre/jdk/Contents/Home/include,
					/Users/mahuijie/Desktop/ChatLib/lib/Studio.app/Contents/jre/jdk/Contents/Home/include/darwin,
				);
				INSTALL_PATH = "";
				LIBRARY_STYLE = STATIC;
				OTHER_CFLAGS = "    ";
				OTHER_LIBTOOLFLAGS = " ";
				OTHER_REZFLAGS = "";
				PRODUCT_NAME = UDPChat;
				SECTORDER_FLAGS = "";
				SYMROOT = /Users/mahuijie/Desktop/ChatLib/ios_arm64_build/lib;
				USE_HEADERMAP = NO;
				WARNING_CFLAGS = (
					"-Wmost",
					"-Wno-four-char-constants",
					"-Wno-unknown-pragmas",
					"$(inherited)",
				);
			};
			name = Debug;
		};
		94C0A91D96CA41759FE841B8 /* RelWithDebInfo */ = {
			isa = XCBuildConfiguration;
			buildSettings = {
				COMBINE_HIDPI_IMAGES = YES;
				EXECUTABLE_PREFIX = lib;
				EXECUTABLE_SUFFIX = .a;
				GCC_GENERATE_DEBUGGING_SYMBOLS = YES;
				GCC_INLINES_ARE_PRIVATE_EXTERN = NO;
				GCC_OPTIMIZATION_LEVEL = 2;
				GCC_PREPROCESSOR_DEFINITIONS = "'CMAKE_INTDIR=\"$(CONFIGURATION)$(EFFECTIVE_PLATFORM_NAME)\"'";
				GCC_SYMBOLS_PRIVATE_EXTERN = NO;
				HEADER_SEARCH_PATHS = (
					/Applications/Android,
					/Users/mahuijie/Desktop/ChatLib/lib/Studio.app/Contents/jre/jdk/Contents/Home/include,
					/Users/mahuijie/Desktop/ChatLib/lib/Studio.app/Contents/jre/jdk/Contents/Home/include/darwin,
				);
				INSTALL_PATH = "";
				LIBRARY_STYLE = STATIC;
				OTHER_CFLAGS = "       -DNDEBUG  ";
				OTHER_LIBTOOLFLAGS = " ";
				OTHER_REZFLAGS = "";
				PRODUCT_NAME = UDPChat;
				SECTORDER_FLAGS = "";
				SYMROOT = /Users/mahuijie/Desktop/ChatLib/ios_arm64_build/lib;
				USE_HEADERMAP = NO;
				WARNING_CFLAGS = (
					"-Wmost",
					"-Wno-four-char-constants",
					"-Wno-unknown-pragmas",
					"$(inherited)",
				);
			};
			name = RelWithDebInfo;
		};
		9B9EC56431584B95A40E3480 /* MinSizeRel */ = {
			isa = XCBuildConfiguration;
			buildSettings = {
				COMBINE_HIDPI_IMAGES = YES;
				GCC_GENERATE_DEBUGGING_SYMBOLS = YES;
				GCC_INLINES_ARE_PRIVATE_EXTERN = NO;
				GCC_OPTIMIZATION_LEVEL = 0;
				GCC_PREPROCESSOR_DEFINITIONS = "'CMAKE_INTDIR=\"$(CONFIGURATION)$(EFFECTIVE_PLATFORM_NAME)\"'";
				GCC_SYMBOLS_PRIVATE_EXTERN = NO;
				INSTALL_PATH = "";
				OTHER_LDFLAGS = " ";
				OTHER_REZFLAGS = "";
				PRODUCT_NAME = ZERO_CHECK;
				SECTORDER_FLAGS = "";
				SYMROOT = /Users/mahuijie/Desktop/ChatLib/ios_arm64_build;
				USE_HEADERMAP = NO;
				WARNING_CFLAGS = (
					"-Wmost",
					"-Wno-four-char-constants",
					"-Wno-unknown-pragmas",
					"$(inherited)",
				);
			};
			name = MinSizeRel;
		};
		A77915DF8A0744A88C2710CF /* MinSizeRel */ = {
			isa = XCBuildConfiguration;
			buildSettings = {
				COMBINE_HIDPI_IMAGES = YES;
				EXECUTABLE_PREFIX = lib;
				EXECUTABLE_SUFFIX = .a;
				GCC_GENERATE_DEBUGGING_SYMBOLS = NO;
				GCC_INLINES_ARE_PRIVATE_EXTERN = NO;
				GCC_OPTIMIZATION_LEVEL = s;
				GCC_PREPROCESSOR_DEFINITIONS = "'CMAKE_INTDIR=\"$(CONFIGURATION)$(EFFECTIVE_PLATFORM_NAME)\"'";
				GCC_SYMBOLS_PRIVATE_EXTERN = NO;
				HEADER_SEARCH_PATHS = (
					/Applications/Android,
					/Users/mahuijie/Desktop/ChatLib/lib/Studio.app/Contents/jre/jdk/Contents/Home/include,
					/Users/mahuijie/Desktop/ChatLib/lib/Studio.app/Contents/jre/jdk/Contents/Home/include/darwin,
				);
				INSTALL_PATH = "";
				LIBRARY_STYLE = STATIC;
				OTHER_CFLAGS = "    -DNDEBUG  ";
				OTHER_LIBTOOLFLAGS = " ";
				OTHER_REZFLAGS = "";
				PRODUCT_NAME = UDPChat;
				SECTORDER_FLAGS = "";
				SYMROOT = /Users/mahuijie/Desktop/ChatLib/ios_arm64_build/lib;
				USE_HEADERMAP = NO;
				WARNING_CFLAGS = (
					"-Wmost",
					"-Wno-four-char-constants",
					"-Wno-unknown-pragmas",
					"$(inherited)",
				);
			};
			name = MinSizeRel;
		};
		A7ACD33AC5CF4C8D8D3FD5F0 /* Debug */ = {
			isa = XCBuildConfiguration;
			buildSettings = {
				COMBINE_HIDPI_IMAGES = YES;
				GCC_GENERATE_DEBUGGING_SYMBOLS = YES;
				GCC_INLINES_ARE_PRIVATE_EXTERN = NO;
				GCC_OPTIMIZATION_LEVEL = 0;
				GCC_PREPROCESSOR_DEFINITIONS = "'CMAKE_INTDIR=\"$(CONFIGURATION)$(EFFECTIVE_PLATFORM_NAME)\"'";
				GCC_SYMBOLS_PRIVATE_EXTERN = NO;
				INSTALL_PATH = "";
				OTHER_LDFLAGS = " ";
				OTHER_REZFLAGS = "";
				PRODUCT_NAME = ZERO_CHECK;
				SECTORDER_FLAGS = "";
				SYMROOT = /Users/mahuijie/Desktop/ChatLib/ios_arm64_build;
				USE_HEADERMAP = NO;
				WARNING_CFLAGS = (
					"-Wmost",
					"-Wno-four-char-constants",
					"-Wno-unknown-pragmas",
					"$(inherited)",
				);
			};
			name = Debug;
		};
		A8AB8BE793C54CB898A69A5E /* Debug */ = {
			isa = XCBuildConfiguration;
			buildSettings = {
				IPHONEOS_DEPLOYMENT_TARGET = 11.1;
				ONLY_ACTIVE_ARCH = YES;
				SDKROOT = iphoneos11.1;
				SYMROOT = /Users/mahuijie/Desktop/ChatLib/ios_arm64_build/build;
				VALID_ARCHS = "x86_64 arm64";
			};
			name = Debug;
		};
		AB7E99AD1FE94001B2A45A26 /* Release */ = {
			isa = XCBuildConfiguration;
			buildSettings = {
				COMBINE_HIDPI_IMAGES = YES;
				DYLIB_COMPATIBILITY_VERSION = "";
				DYLIB_CURRENT_VERSION = "";
				EXECUTABLE_PREFIX = lib;
				EXECUTABLE_SUFFIX = .dylib;
				GCC_GENERATE_DEBUGGING_SYMBOLS = NO;
				GCC_INLINES_ARE_PRIVATE_EXTERN = NO;
				GCC_OPTIMIZATION_LEVEL = 3;
				GCC_PREPROCESSOR_DEFINITIONS = (
					"'CMAKE_INTDIR=\"$(CONFIGURATION)$(EFFECTIVE_PLATFORM_NAME)\"'",
					UDPChat_EXPORTS,
				);
				GCC_SYMBOLS_PRIVATE_EXTERN = NO;
				HEADER_SEARCH_PATHS = (
					/Applications/Android,
					/Users/mahuijie/Desktop/ChatLib/lib/Studio.app/Contents/jre/jdk/Contents/Home/include,
					/Users/mahuijie/Desktop/ChatLib/lib/Studio.app/Contents/jre/jdk/Contents/Home/include/darwin,
				);
				INSTALL_PATH = "@rpath";
				LIBRARY_SEARCH_PATHS = "";
				LIBRARY_STYLE = DYNAMIC;
				OTHER_CFLAGS = (
					"-DNDEBUG",
					"-fPIC",
				);
				OTHER_LDFLAGS = (
					"-dynamiclib",
					"-Wl,-headerpad_max_install_names",
				);
				OTHER_REZFLAGS = "";
				PRODUCT_NAME = UDPChat;
				SECTORDER_FLAGS = "";
				SYMROOT = /Users/mahuijie/Desktop/ChatLib/ios_arm64_build/lib;
				USE_HEADERMAP = NO;
				WARNING_CFLAGS = (
					"-Wmost",
					"-Wno-four-char-constants",
					"-Wno-unknown-pragmas",
					"$(inherited)",
				);
			};
			name = Release;
		};
		D6601954F1194E69908C33A8 /* MinSizeRel */ = {
			isa = XCBuildConfiguration;
			buildSettings = {
				COMBINE_HIDPI_IMAGES = YES;
				DYLIB_COMPATIBILITY_VERSION = "";
				DYLIB_CURRENT_VERSION = "";
				EXECUTABLE_PREFIX = lib;
				EXECUTABLE_SUFFIX = .dylib;
				GCC_GENERATE_DEBUGGING_SYMBOLS = NO;
				GCC_INLINES_ARE_PRIVATE_EXTERN = NO;
				GCC_OPTIMIZATION_LEVEL = s;
				GCC_PREPROCESSOR_DEFINITIONS = (
					"'CMAKE_INTDIR=\"$(CONFIGURATION)$(EFFECTIVE_PLATFORM_NAME)\"'",
					UDPChat_EXPORTS,
				);
				GCC_SYMBOLS_PRIVATE_EXTERN = NO;
				HEADER_SEARCH_PATHS = (
					/Applications/Android,
					/Users/mahuijie/Desktop/ChatLib/lib/Studio.app/Contents/jre/jdk/Contents/Home/include,
					/Users/mahuijie/Desktop/ChatLib/lib/Studio.app/Contents/jre/jdk/Contents/Home/include/darwin,
				);
				INSTALL_PATH = "@rpath";
				LIBRARY_SEARCH_PATHS = "";
				LIBRARY_STYLE = DYNAMIC;
				OTHER_CFLAGS = (
					"-DNDEBUG",
					"-fPIC",
				);
				OTHER_LDFLAGS = (
					"-dynamiclib",
					"-Wl,-headerpad_max_install_names",
				);
				OTHER_REZFLAGS = "";
				PRODUCT_NAME = UDPChat;
				SECTORDER_FLAGS = "";
				SYMROOT = /Users/mahuijie/Desktop/ChatLib/ios_arm64_build/lib;
				USE_HEADERMAP = NO;
				WARNING_CFLAGS = (
					"-Wmost",
					"-Wno-four-char-constants",
					"-Wno-unknown-pragmas",
					"$(inherited)",
				);
			};
			name = MinSizeRel;
		};
		D6F9ABE46FCF4D70A2DCA52A /* RelWithDebInfo */ = {
			isa = XCBuildConfiguration;
			buildSettings = {
				COMBINE_HIDPI_IMAGES = YES;
				DYLIB_COMPATIBILITY_VERSION = "";
				DYLIB_CURRENT_VERSION = "";
				EXECUTABLE_PREFIX = lib;
				EXECUTABLE_SUFFIX = .dylib;
				GCC_GENERATE_DEBUGGING_SYMBOLS = YES;
				GCC_INLINES_ARE_PRIVATE_EXTERN = NO;
				GCC_OPTIMIZATION_LEVEL = 2;
				GCC_PREPROCESSOR_DEFINITIONS = (
					"'CMAKE_INTDIR=\"$(CONFIGURATION)$(EFFECTIVE_PLATFORM_NAME)\"'",
					UDPChat_EXPORTS,
				);
				GCC_SYMBOLS_PRIVATE_EXTERN = NO;
				HEADER_SEARCH_PATHS = (
					/Applications/Android,
					/Users/mahuijie/Desktop/ChatLib/lib/Studio.app/Contents/jre/jdk/Contents/Home/include,
					/Users/mahuijie/Desktop/ChatLib/lib/Studio.app/Contents/jre/jdk/Contents/Home/include/darwin,
				);
				INSTALL_PATH = "@rpath";
				LIBRARY_SEARCH_PATHS = "";
				LIBRARY_STYLE = DYNAMIC;
				OTHER_CFLAGS = (
					"-DNDEBUG",
					"-fPIC",
				);
				OTHER_LDFLAGS = (
					"-dynamiclib",
					"-Wl,-headerpad_max_install_names",
				);
				OTHER_REZFLAGS = "";
				PRODUCT_NAME = UDPChat;
				SECTORDER_FLAGS = "";
				SYMROOT = /Users/mahuijie/Desktop/ChatLib/ios_arm64_build/lib;
				USE_HEADERMAP = NO;
				WARNING_CFLAGS = (
					"-Wmost",
					"-Wno-four-char-constants",
					"-Wno-unknown-pragmas",
					"$(inherited)",
				);
			};
			name = RelWithDebInfo;
		};
		D74DA4BF2D3440A89D07262A /* Debug */ = {
			isa = XCBuildConfiguration;
			buildSettings = {
				COMBINE_HIDPI_IMAGES = YES;
				DYLIB_COMPATIBILITY_VERSION = "";
				DYLIB_CURRENT_VERSION = "";
				EXECUTABLE_PREFIX = lib;
				EXECUTABLE_SUFFIX = .dylib;
				GCC_GENERATE_DEBUGGING_SYMBOLS = YES;
				GCC_INLINES_ARE_PRIVATE_EXTERN = NO;
				GCC_OPTIMIZATION_LEVEL = 0;
				GCC_PREPROCESSOR_DEFINITIONS = (
					"'CMAKE_INTDIR=\"$(CONFIGURATION)$(EFFECTIVE_PLATFORM_NAME)\"'",
					UDPChat_EXPORTS,
				);
				GCC_SYMBOLS_PRIVATE_EXTERN = NO;
				HEADER_SEARCH_PATHS = (
					/Applications/Android,
					/Users/mahuijie/Desktop/ChatLib/lib/Studio.app/Contents/jre/jdk/Contents/Home/include,
					/Users/mahuijie/Desktop/ChatLib/lib/Studio.app/Contents/jre/jdk/Contents/Home/include/darwin,
				);
				INSTALL_PATH = "@rpath";
				LIBRARY_SEARCH_PATHS = "";
				LIBRARY_STYLE = DYNAMIC;
				OTHER_CFLAGS = "   -fPIC  ";
				OTHER_LDFLAGS = (
					"-dynamiclib",
					"-Wl,-headerpad_max_install_names",
				);
				OTHER_REZFLAGS = "";
				PRODUCT_NAME = UDPChat;
				SECTORDER_FLAGS = "";
				SYMROOT = /Users/mahuijie/Desktop/ChatLib/ios_arm64_build/lib;
				USE_HEADERMAP = NO;
				WARNING_CFLAGS = (
					"-Wmost",
					"-Wno-four-char-constants",
					"-Wno-unknown-pragmas",
					"$(inherited)",
				);
			};
			name = Debug;
		};
		F7366891E4564BA1B0D0BE72 /* Debug */ = {
			isa = XCBuildConfiguration;
			buildSettings = {
				COMBINE_HIDPI_IMAGES = YES;
				GCC_GENERATE_DEBUGGING_SYMBOLS = YES;
				GCC_INLINES_ARE_PRIVATE_EXTERN = NO;
				GCC_OPTIMIZATION_LEVEL = 0;
				GCC_PREPROCESSOR_DEFINITIONS = "'CMAKE_INTDIR=\"$(CONFIGURATION)$(EFFECTIVE_PLATFORM_NAME)\"'";
				GCC_SYMBOLS_PRIVATE_EXTERN = NO;
				INSTALL_PATH = "";
				OTHER_LDFLAGS = " ";
				OTHER_REZFLAGS = "";
				PRODUCT_NAME = ALL_BUILD;
				SECTORDER_FLAGS = "";
				SYMROOT = /Users/mahuijie/Desktop/ChatLib/ios_arm64_build;
				USE_HEADERMAP = NO;
				WARNING_CFLAGS = (
					"-Wmost",
					"-Wno-four-char-constants",
					"-Wno-unknown-pragmas",
					"$(inherited)",
				);
			};
			name = Debug;
		};
/* End XCBuildConfiguration section */

/* Begin XCConfigurationList section */
		285FC5F2CD8D4A71A0D75FB3 /* Build configuration list for PBXProject "UDPChat" */ = {
			isa = XCConfigurationList;
			buildConfigurations = (
				A8AB8BE793C54CB898A69A5E /* Debug */,
				2D85528A54B84E1896CFAA50 /* Release */,
				500569DE4CA44A80A22B8267 /* MinSizeRel */,
				5334C13D426847608C353D73 /* RelWithDebInfo */,
			);
			defaultConfigurationIsVisible = 0;
			defaultConfigurationName = Release;
		};
		4F78B9D3CECC45C1A8F292D6 /* Build configuration list for PBXAggregateTarget "ZERO_CHECK" */ = {
			isa = XCConfigurationList;
			buildConfigurations = (
				A7ACD33AC5CF4C8D8D3FD5F0 /* Debug */,
				0926EFF0D14342D0B17C4C29 /* Release */,
				9B9EC56431584B95A40E3480 /* MinSizeRel */,
				5A86616E982344C49AAB65A4 /* RelWithDebInfo */,
			);
			defaultConfigurationIsVisible = 0;
			defaultConfigurationName = Release;
		};
		812BA6CC27AB4F0A960C61AB /* Build configuration list for PBXNativeTarget "UDPChat-static" */ = {
			isa = XCConfigurationList;
			buildConfigurations = (
				9096001E46C84D3FA01C312D /* Debug */,
				8A58DEC3831E4B79B2387C10 /* Release */,
				A77915DF8A0744A88C2710CF /* MinSizeRel */,
				94C0A91D96CA41759FE841B8 /* RelWithDebInfo */,
			);
			defaultConfigurationIsVisible = 0;
			defaultConfigurationName = Release;
		};
		B568B6389621485E8F15CA9A /* Build configuration list for PBXNativeTarget "UDPChat" */ = {
			isa = XCConfigurationList;
			buildConfigurations = (
				D74DA4BF2D3440A89D07262A /* Debug */,
				AB7E99AD1FE94001B2A45A26 /* Release */,
				D6601954F1194E69908C33A8 /* MinSizeRel */,
				D6F9ABE46FCF4D70A2DCA52A /* RelWithDebInfo */,
			);
			defaultConfigurationIsVisible = 0;
			defaultConfigurationName = Release;
		};
		BC6069942996484BA3908FFF /* Build configuration list for PBXAggregateTarget "ALL_BUILD" */ = {
			isa = XCConfigurationList;
			buildConfigurations = (
				F7366891E4564BA1B0D0BE72 /* Debug */,
				7FCF117837014F8588431777 /* Release */,
				0826AD1093F54E38AF15D7C0 /* MinSizeRel */,
				5543B4DD81F64DC5AD925604 /* RelWithDebInfo */,
			);
			defaultConfigurationIsVisible = 0;
			defaultConfigurationName = Release;
		};
/* End XCConfigurationList section */
	};
	rootObject = E1B2BFFA2CC04C21AF677C8E /* Project object */;
}
